
Microsoft Visual Studio Solution File, Format Version 12.00
# Visual Studio Version 16
VisualStudioVersion = 16.0.31313.79
MinimumVisualStudioVersion = 10.0.40219.1
Project("{FAE04EC0-301F-11D3-BF4B-00C04F79EFBC}") = "FAMA-RESTAPI", "FAMA-RESTAPI\FAMA-RESTAPI.csproj", "{1C700AA6-5C2E-491C-83D5-E4C095F90A74}"
EndProject
Global
	GlobalSection(SolutionConfigurationPlatforms) = preSolution
		Debug|Any CPU = Debug|Any CPU
		Release|Any CPU = Release|Any CPU
	EndGlobalSection
	GlobalSection(ProjectConfigurationPlatforms) = postSolution
		{1C700AA6-5C2E-491C-83D5-E4C095F90A74}.Debug|Any CPU.ActiveCfg = Debug|Any CPU
		{1C700AA6-5C2E-491C-83D5-E4C095F90A74}.Debug|Any CPU.Build.0 = Debug|Any CPU
		{1C700AA6-5C2E-491C-83D5-E4C095F90A74}.Release|Any CPU.ActiveCfg = Release|Any CPU
		{1C700AA6-5C2E-491C-83D5-E4C095F90A74}.Release|Any CPU.Build.0 = Release|Any CPU
	EndGlobalSection
	GlobalSection(SolutionProperties) = preSolution
		HideSolutionNode = FALSE
	EndGlobalSection
	GlobalSection(ExtensibilityGlobals) = postSolution
		SolutionGuid = {719EDE2E-ECBA-458A-8E3F-031BE1EC23C3}
	EndGlobalSection
EndGlobal
